
Microsoft Visual Studio Solution File, Format Version 12.00
# Visual Studio Version 17
VisualStudioVersion = 17.0.31912.275
MinimumVisualStudioVersion = 10.0.40219.1
Project("{9A19103F-16F7-4668-BE54-9A1E7A4F7556}") = "ASCII.ConsoleApp", "ASCII.ConsoleApp.csproj", "{0F8A1B87-EB9B-4E03-AFF5-3482B1339E83}"
EndProject
Global
	GlobalSection(SolutionConfigurationPlatforms) = preSolution
		Debug|Any CPU = Debug|Any CPU
		Release|Any CPU = Release|Any CPU
	EndGlobalSection
	GlobalSection(ProjectConfigurationPlatforms) = postSolution
		{0F8A1B87-EB9B-4E03-AFF5-3482B1339E83}.Debug|Any CPU.ActiveCfg = Debug|Any CPU
		{0F8A1B87-EB9B-4E03-AFF5-3482B1339E83}.Debug|Any CPU.Build.0 = Debug|Any CPU
		{0F8A1B87-EB9B-4E03-AFF5-3482B1339E83}.Release|Any CPU.ActiveCfg = Release|Any CPU
		{0F8A1B87-EB9B-4E03-AFF5-3482B1339E83}.Release|Any CPU.Build.0 = Release|Any CPU
	EndGlobalSection
	GlobalSection(SolutionProperties) = preSolution
		HideSolutionNode = FALSE
	EndGlobalSection
	GlobalSection(ExtensibilityGlobals) = postSolution
		SolutionGuid = {5C0437BA-47D9-4E2B-A439-D204B1C6A4C0}
	EndGlobalSection
EndGlobal
